
Microsoft Visual Studio Solution File, Format Version 12.00
# Visual Studio Version 17
VisualStudioVersion = 17.6.33829.357
MinimumVisualStudioVersion = 10.0.40219.1
Project("{FAE04EC0-301F-11D3-BF4B-00C04F79EFBC}") = "WebMVCR1", "WebMVCR1.csproj", "{CFE64AE2-FBF1-4352-AF79-C8495ACB0CAD}"
EndProject
Global
	GlobalSection(SolutionConfigurationPlatforms) = preSolution
		Debug|Any CPU = Debug|Any CPU
		Release|Any CPU = Release|Any CPU
	EndGlobalSection
	GlobalSection(ProjectConfigurationPlatforms) = postSolution
		{CFE64AE2-FBF1-4352-AF79-C8495ACB0CAD}.Debug|Any CPU.ActiveCfg = Debug|Any CPU
		{CFE64AE2-FBF1-4352-AF79-C8495ACB0CAD}.Debug|Any CPU.Build.0 = Debug|Any CPU
		{CFE64AE2-FBF1-4352-AF79-C8495ACB0CAD}.Release|Any CPU.ActiveCfg = Release|Any CPU
		{CFE64AE2-FBF1-4352-AF79-C8495ACB0CAD}.Release|Any CPU.Build.0 = Release|Any CPU
	EndGlobalSection
	GlobalSection(SolutionProperties) = preSolution
		HideSolutionNode = FALSE
	EndGlobalSection
	GlobalSection(ExtensibilityGlobals) = postSolution
		SolutionGuid = {A15539D3-E5BE-42A7-9CF1-16D60E558E4B}
	EndGlobalSection
EndGlobal
